
Microsoft Visual Studio Solution File, Format Version 12.00
# Visual Studio 15
VisualStudioVersion = 15.0.27130.0
MinimumVisualStudioVersion = 10.0.40219.1
Project("{9A19103F-16F7-4668-BE54-9A1E7A4F7556}") = "WendySharp", "WendySharp\WendySharp.csproj", "{3DD07412-0413-4B88-965C-D0EE3338DA84}"
EndProject
Project("{9A19103F-16F7-4668-BE54-9A1E7A4F7556}") = "NetIrc2", "NetIrc2\NetIrc2.csproj", "{5D817056-BCD1-4423-BEFB-7838338DC6CF}"
EndProject
Global
	GlobalSection(SolutionConfigurationPlatforms) = preSolution
		Debug|x86 = Debug|x86
		Release|x86 = Release|x86
	EndGlobalSection
	GlobalSection(ProjectConfigurationPlatforms) = postSolution
		{3DD07412-0413-4B88-965C-D0EE3338DA84}.Debug|x86.ActiveCfg = Debug|Any CPU
		{3DD07412-0413-4B88-965C-D0EE3338DA84}.Debug|x86.Build.0 = Debug|Any CPU
		{3DD07412-0413-4B88-965C-D0EE3338DA84}.Release|x86.ActiveCfg = Release|Any CPU
		{3DD07412-0413-4B88-965C-D0EE3338DA84}.Release|x86.Build.0 = Release|Any CPU
		{5D817056-BCD1-4423-BEFB-7838338DC6CF}.Debug|x86.ActiveCfg = Debug|Any CPU
		{5D817056-BCD1-4423-BEFB-7838338DC6CF}.Debug|x86.Build.0 = Debug|Any CPU
		{5D817056-BCD1-4423-BEFB-7838338DC6CF}.Release|x86.ActiveCfg = Release|Any CPU
		{5D817056-BCD1-4423-BEFB-7838338DC6CF}.Release|x86.Build.0 = Release|Any CPU
	EndGlobalSection
	GlobalSection(SolutionProperties) = preSolution
		HideSolutionNode = FALSE
	EndGlobalSection
	GlobalSection(ExtensibilityGlobals) = postSolution
		SolutionGuid = {09511E56-C7E9-4573-8E56-32FB15277F6A}
	EndGlobalSection
EndGlobal
